
Microsoft Visual Studio Solution File, Format Version 12.00
# Visual Studio 15
VisualStudioVersion = 15.0.27130.2027
MinimumVisualStudioVersion = 10.0.40219.1
Project("{FAE04EC0-301F-11D3-BF4B-00C04F79EFBC}") = "NFAtoDFA", "NFAtoDFA\NFAtoDFA.csproj", "{5403DA66-D538-470A-AF0B-EE6DB59114ED}"
EndProject
Global
	GlobalSection(SolutionConfigurationPlatforms) = preSolution
		Debug|Any CPU = Debug|Any CPU
		Release|Any CPU = Release|Any CPU
	EndGlobalSection
	GlobalSection(ProjectConfigurationPlatforms) = postSolution
		{5403DA66-D538-470A-AF0B-EE6DB59114ED}.Debug|Any CPU.ActiveCfg = Debug|Any CPU
		{5403DA66-D538-470A-AF0B-EE6DB59114ED}.Debug|Any CPU.Build.0 = Debug|Any CPU
		{5403DA66-D538-470A-AF0B-EE6DB59114ED}.Release|Any CPU.ActiveCfg = Release|Any CPU
		{5403DA66-D538-470A-AF0B-EE6DB59114ED}.Release|Any CPU.Build.0 = Release|Any CPU
	EndGlobalSection
	GlobalSection(SolutionProperties) = preSolution
		HideSolutionNode = FALSE
	EndGlobalSection
	GlobalSection(ExtensibilityGlobals) = postSolution
		SolutionGuid = {463560E0-C313-4082-9A07-9F0189C2B3A5}
	EndGlobalSection
EndGlobal
